
Microsoft Visual Studio Solution File, Format Version 12.00
# Visual Studio Version 17
VisualStudioVersion = 17.9.34701.34
MinimumVisualStudioVersion = 10.0.40219.1
Project("{FAE04EC0-301F-11D3-BF4B-00C04F79EFBC}") = "AliceNeural", "AliceNeural\AliceNeural.csproj", "{38D6F06D-E1D3-4140-81D3-E83DDAB4FE1C}"
EndProject
Global
	GlobalSection(SolutionConfigurationPlatforms) = preSolution
		Debug|Any CPU = Debug|Any CPU
		Release|Any CPU = Release|Any CPU
	EndGlobalSection
	GlobalSection(ProjectConfigurationPlatforms) = postSolution
		{38D6F06D-E1D3-4140-81D3-E83DDAB4FE1C}.Debug|Any CPU.ActiveCfg = Debug|Any CPU
		{38D6F06D-E1D3-4140-81D3-E83DDAB4FE1C}.Debug|Any CPU.Build.0 = Debug|Any CPU
		{38D6F06D-E1D3-4140-81D3-E83DDAB4FE1C}.Debug|Any CPU.Deploy.0 = Debug|Any CPU
		{38D6F06D-E1D3-4140-81D3-E83DDAB4FE1C}.Release|Any CPU.ActiveCfg = Release|Any CPU
		{38D6F06D-E1D3-4140-81D3-E83DDAB4FE1C}.Release|Any CPU.Build.0 = Release|Any CPU
		{38D6F06D-E1D3-4140-81D3-E83DDAB4FE1C}.Release|Any CPU.Deploy.0 = Release|Any CPU
	EndGlobalSection
	GlobalSection(SolutionProperties) = preSolution
		HideSolutionNode = FALSE
	EndGlobalSection
	GlobalSection(ExtensibilityGlobals) = postSolution
		SolutionGuid = {DA76EF7B-0685-4E33-8EE0-2926C8463855}
	EndGlobalSection
EndGlobal
